lockfileVersion: 5.3

specifiers:
  gitbook-cli: ^2.3.2
  gitbook-plugin-exercises: MostlyAdequate/plugin-exercises
  gitbook-plugin-include-codeblock: ^3.2.2

dependencies:
  gitbook-plugin-exercises: github.com/MostlyAdequate/plugin-exercises/6eb1211ea13fb5731930ff7883d38efe7a743609
  gitbook-plugin-include-codeblock: 3.2.3

devDependencies:
  gitbook-cli: 2.3.2

packages:

  /array-find-index/1.0.2:
    resolution: {integrity: sha1-3wEKoSh+Fku9pvlyOwqWoexBh6E=}
    engines: {node: '>=0.10.0'}
    dev: false

  /arrify/1.0.1:
    resolution: {integrity: sha1-iYUI2iIm84DfkEcoRWhJwVAaSw0=}
    engines: {node: '>=0.10.0'}
    dev: false

  /bash-color/0.0.4:
    resolution: {integrity: sha1-6b6M4zVAytpIgXaMWb1jhlc26RM=}
    dev: true

  /camelcase-keys/4.2.0:
    resolution: {integrity: sha1-oqpfsa9oh1glnDLBQUJteJI7m3c=}
    engines: {node: '>=4'}
    dependencies:
      camelcase: 4.1.0
      map-obj: 2.0.0
      quick-lru: 1.1.0
    dev: false

  /camelcase/4.1.0:
    resolution: {integrity: sha1-1UVjW+HjPFQmScaRc+Xeas+uNN0=}
    engines: {node: '>=4'}
    dev: false

  /commander/2.11.0:
    resolution: {integrity: sha512-b0553uYA5YAEGgyYIGYROzKQ7X5RAqedkfjiZxwi0kL1g3bOaBNNZfYkzt/CL0umgD5wc9Jec2FbB98CjkMRvQ==}
    dev: true

  /currently-unhandled/0.4.1:
    resolution: {integrity: sha1-mI3zP+qxke95mmE2nddsF635V+o=}
    engines: {node: '>=0.10.0'}
    dependencies:
      array-find-index: 1.0.2
    dev: false

  /decamelize-keys/1.1.0:
    resolution: {integrity: sha1-0XGoeTMlKAfrPLYdwcFEXQeN8tk=}
    engines: {node: '>=0.10.0'}
    dependencies:
      decamelize: 1.2.0
      map-obj: 1.0.1
    dev: false

  /decamelize/1.2.0:
    resolution: {integrity: sha1-9lNNFRSCabIDUue+4m9QH5oZEpA=}
    engines: {node: '>=0.10.0'}
    dev: false

  /entities/1.1.2:
    resolution: {integrity: sha512-f2LZMYl1Fzu7YSBKg+RoROelpOaNrcGmE9AZubeDfrCEia483oW4MI4VyFd5VNHIgQ/7qm1I0wUHK1eJnn2y2w==}
    dev: false

  /error-ex/1.3.2:
    resolution: {integrity: sha512-7dFHNmqeFSEt2ZBsCriorKnn3Z2pj+fd9kmI6QoWw4//DL+icEBfc0U7qJCisqrTsKTjw4fNFy2pW9OqStD84g==}
    dependencies:
      is-arrayish: 0.2.1
    dev: false

  /find-up/2.1.0:
    resolution: {integrity: sha1-RdG35QbHF93UgndaK3eSCjwMV6c=}
    engines: {node: '>=4'}
    dependencies:
      locate-path: 2.0.0
    dev: false

  /fs-extra/3.0.1:
    resolution: {integrity: sha1-N5TzeMWLNC6n27sjCVEJxLO2IpE=}
    dependencies:
      graceful-fs: 4.2.9
      jsonfile: 3.0.1
      universalify: 0.1.2
    dev: true

  /function-bind/1.1.1:
    resolution: {integrity: sha512-yIovAzMX49sF8Yl58fSCWJ5svSLuaibPxXQJFLmBObTuCr0Mf1KiPopGM9NiFjiYBCbfaa2Fh6breQ6ANVTI0A==}
    dev: false

  /gitbook-cli/2.3.2:
    resolution: {integrity: sha512-eyGtkY7jKHhmgpfuvgAP5fZcUob/FBz4Ld0aLRdEmiTrS1RklimN9epzPp75dd4MWpGhYvSbiwxnpyLiv1wh6A==}
    hasBin: true
    dependencies:
      bash-color: 0.0.4
      commander: 2.11.0
      fs-extra: 3.0.1
      lodash: 4.17.4
      npm: 5.1.0
      npmi: 1.0.1
      optimist: 0.6.1
      q: 1.5.0
      semver: 5.3.0
      tmp: 0.0.31
      user-home: 2.0.0
    dev: true

  /gitbook-plugin-include-codeblock/3.2.3:
    resolution: {integrity: sha512-W2tXf++CeC3J/iX2+/+sd86U8u6OS92/wjuYuzGI7gm9WUPs83xlxcp3x5Q/6ttAcfwdy+LIuPO8kGxEQyQmjw==}
    hasBin: true
    dependencies:
      entities: 1.1.2
      handlebars: 4.7.7
      language-map: 1.5.0
      meow: 4.0.1
    dev: false

  /graceful-fs/4.2.9:
    resolution: {integrity: sha512-NtNxqUcXgpW2iMrfqSfR73Glt39K+BLwWsPs94yR63v45T0Wbej7eRmL5cWfwEgqXnmjQp3zaJTshdRW/qC2ZQ==}

  /handlebars/4.7.7:
    resolution: {integrity: sha512-aAcXm5OAfE/8IXkcZvCepKU3VzW1/39Fb5ZuqMtgI/hT8X2YgoMvBY5dLhq/cpOvw7Lk1nK/UF71aLG/ZnVYRA==}
    engines: {node: '>=0.4.7'}
    hasBin: true
    dependencies:
      minimist: 1.2.5
      neo-async: 2.6.2
      source-map: 0.6.1
      wordwrap: 1.0.0
    optionalDependencies:
      uglify-js: 3.14.5
    dev: false

  /has/1.0.3:
    resolution: {integrity: sha512-f2dvO0VU6Oej7RkWJGrehjbzMAjFp5/VKPp5tTpWIV4JHHZK1/BxbFRtf/siA2SWTe09caDmVtYYzWEIbBS4zw==}
    engines: {node: '>= 0.4.0'}
    dependencies:
      function-bind: 1.1.1
    dev: false

  /hosted-git-info/2.8.9:
    resolution: {integrity: sha512-mxIDAb9Lsm6DoOJ7xH+5+X4y1LU/4Hi50L9C5sIswK3JzULS4bwk1FvjdBgvYR4bzT4tuUQiC15FE2f5HbLvYw==}
    dev: false

  /indent-string/3.2.0:
    resolution: {integrity: sha1-Sl/W0nzDMvN+VBmlBNu4NxBckok=}
    engines: {node: '>=4'}
    dev: false

  /is-arrayish/0.2.1:
    resolution: {integrity: sha1-d8mYQFJ6qOyxqLppe4BkWnqSap0=}
    dev: false

  /is-core-module/2.8.1:
    resolution: {integrity: sha512-SdNCUs284hr40hFTFP6l0IfZ/RSrMXF3qgoRHd3/79unUTvrFO/JoXwkGm+5J/Oe3E/b5GsnG330uUNgRpu1PA==}
    dependencies:
      has: 1.0.3
    dev: false

  /is-plain-obj/1.1.0:
    resolution: {integrity: sha1-caUMhCnfync8kqOQpKA7OfzVHT4=}
    engines: {node: '>=0.10.0'}
    dev: false

  /json-parse-better-errors/1.0.2:
    resolution: {integrity: sha512-mrqyZKfX5EhL7hvqcV6WG1yYjnjeuYDzDhhcAAUrq8Po85NBQBJP+ZDUT75qZQ98IkUoBqdkExkukOU7Ts2wrw==}
    dev: false

  /jsonfile/3.0.1:
    resolution: {integrity: sha1-pezG9l9T9mLEQVx2daAzHQmS7GY=}
    optionalDependencies:
      graceful-fs: 4.2.9
    dev: true

  /language-map/1.5.0:
    resolution: {integrity: sha512-n7gFZpe+DwEAX9cXVTw43i3wiudWDDtSn28RmdnS/HCPr284dQI/SztsamWanRr75oSlKSaGbV2nmWCTzGCoVg==}
    dev: false

  /load-json-file/4.0.0:
    resolution: {integrity: sha1-L19Fq5HjMhYjT9U62rZo607AmTs=}
    engines: {node: '>=4'}
    dependencies:
      graceful-fs: 4.2.9
      parse-json: 4.0.0
      pify: 3.0.0
      strip-bom: 3.0.0
    dev: false

  /locate-path/2.0.0:
    resolution: {integrity: sha1-K1aLJl7slExtnA3pw9u7ygNUzY4=}
    engines: {node: '>=4'}
    dependencies:
      p-locate: 2.0.0
      path-exists: 3.0.0
    dev: false

  /lodash/4.17.11:
    resolution: {integrity: sha512-cQKh8igo5QUhZ7lg38DYWAxMvjSAKG0A8wGSVimP07SIUEK2UO+arSRKbRZWtelMtN5V0Hkwh5ryOto/SshYIg==}
    dev: false

  /lodash/4.17.4:
    resolution: {integrity: sha1-eCA6TRwyiuHYbcpkYONptX9AVa4=}
    dev: true

  /loud-rejection/1.6.0:
    resolution: {integrity: sha1-W0b4AUft7leIcPCG0Eghz5mOVR8=}
    engines: {node: '>=0.10.0'}
    dependencies:
      currently-unhandled: 0.4.1
      signal-exit: 3.0.6
    dev: false

  /map-obj/1.0.1:
    resolution: {integrity: sha1-2TPOuSBdgr3PSIb2dCvcK03qFG0=}
    engines: {node: '>=0.10.0'}
    dev: false

  /map-obj/2.0.0:
    resolution: {integrity: sha1-plzSkIepJZi4eRJXpSPgISIqwfk=}
    engines: {node: '>=4'}
    dev: false

  /meow/4.0.1:
    resolution: {integrity: sha512-xcSBHD5Z86zaOc+781KrupuHAzeGXSLtiAOmBsiLDiPSaYSB6hdew2ng9EBAnZ62jagG9MHAOdxpDi/lWBFJ/A==}
    engines: {node: '>=4'}
    dependencies:
      camelcase-keys: 4.2.0
      decamelize-keys: 1.1.0
      loud-rejection: 1.6.0
      minimist: 1.2.5
      minimist-options: 3.0.2
      normalize-package-data: 2.5.0
      read-pkg-up: 3.0.0
      redent: 2.0.0
      trim-newlines: 2.0.0
    dev: false

  /minimist-options/3.0.2:
    resolution: {integrity: sha512-FyBrT/d0d4+uiZRbqznPXqw3IpZZG3gl3wKWiX784FycUKVwBt0uLBFkQrtE4tZOrgo78nZp2jnKz3L65T5LdQ==}
    engines: {node: '>= 4'}
    dependencies:
      arrify: 1.0.1
      is-plain-obj: 1.1.0
    dev: false

  /minimist/0.0.10:
    resolution: {integrity: sha1-3j+YVD2/lggr5IrRoMfNqDYwHc8=}
    dev: true

  /minimist/1.2.5:
    resolution: {integrity: sha512-FM9nNUYrRBAELZQT3xeZQ7fmMOBg6nWNmJKTcgsJeaLstP/UODVpGsr5OhXhhXg6f+qtJ8uiZ+PUxkDWcgIXLw==}
    dev: false

  /neo-async/2.6.2:
    resolution: {integrity: sha512-Yd3UES5mWCSqR+qNT93S3UoYUkqAZ9lLg8a7g9rimsWmYGK8cVToA4/sF3RrshdyV3sAGMXVUmpMYOw+dLpOuw==}
    dev: false

  /normalize-package-data/2.5.0:
    resolution: {integrity: sha512-/5CMN3T0R4XTj4DcGaexo+roZSdSFW/0AOOTROrjxzCG1wrWXEsGbRKevjlIL+ZDE4sZlJr5ED4YW0yqmkK+eA==}
    dependencies:
      hosted-git-info: 2.8.9
      resolve: 1.22.0
      semver: 5.7.1
      validate-npm-package-license: 3.0.4
    dev: false

  /npm/2.15.12:
    resolution: {integrity: sha1-33w+1aJ3w/nUtdgZsFMR0QogCuY=}
    hasBin: true
    dev: true
    bundledDependencies:
      - abbrev
      - ansi
      - ansi-regex
      - ansicolors
      - ansistyles
      - archy
      - async-some
      - block-stream
      - char-spinner
      - chmodr
      - chownr
      - cmd-shim
      - columnify
      - config-chain
      - dezalgo
      - editor
      - fs-vacuum
      - fs-write-stream-atomic
      - fstream
      - fstream-npm
      - github-url-from-git
      - github-url-from-username-repo
      - glob
      - graceful-fs
      - hosted-git-info
      - imurmurhash
      - inflight
      - inherits
      - ini
      - init-package-json
      - lockfile
      - lru-cache
      - minimatch
      - mkdirp
      - node-gyp
      - nopt
      - normalize-git-url
      - normalize-package-data
      - npm-cache-filename
      - npm-install-checks
      - npm-package-arg
      - npm-registry-client
      - npm-user-validate
      - npmlog
      - once
      - opener
      - osenv
      - path-is-inside
      - read
      - read-installed
      - read-package-json
      - readable-stream
      - realize-package-specifier
      - request
      - retry
      - rimraf
      - semver
      - sha
      - slide
      - sorted-object
      - spdx-license-ids
      - strip-ansi
      - tar
      - text-table
      - uid-number
      - umask
      - validate-npm-package-license
      - validate-npm-package-name
      - which
      - wrappy
      - write-file-atomic

  /npm/5.1.0:
    resolution: {integrity: sha512-pt5ClxEmY/dLpb60SmGQQBKi3nB6Ljx1FXmpoCUdAULlGqGVn2uCyXxPCWFbcuHGthT7qGiaGa1wOfs/UjGYMw==}
    hasBin: true
    dev: true
    bundledDependencies:
      - abbrev
      - ansi-regex
      - ansicolors
      - ansistyles
      - aproba
      - archy
      - cacache
      - call-limit
      - bluebird
      - chownr
      - cmd-shim
      - columnify
      - config-chain
      - debuglog
      - detect-indent
      - dezalgo
      - editor
      - fs-vacuum
      - fs-write-stream-atomic
      - fstream
      - fstream-npm
      - glob
      - graceful-fs
      - has-unicode
      - hosted-git-info
      - iferr
      - imurmurhash
      - inflight
      - inherits
      - ini
      - init-package-json
      - JSONStream
      - lazy-property
      - lockfile
      - lodash._baseindexof
      - lodash._baseuniq
      - lodash._bindcallback
      - lodash._cacheindexof
      - lodash._createcache
      - lodash._getnative
      - lodash.clonedeep
      - lodash.restparam
      - lodash.union
      - lodash.uniq
      - lodash.without
      - lru-cache
      - mkdirp
      - mississippi
      - move-concurrently
      - node-gyp
      - nopt
      - normalize-package-data
      - npm-cache-filename
      - npm-install-checks
      - npm-package-arg
      - npm-registry-client
      - npm-user-validate
      - npmlog
      - once
      - opener
      - osenv
      - pacote
      - path-is-inside
      - promise-inflight
      - read
      - read-cmd-shim
      - read-installed
      - read-package-json
      - read-package-tree
      - readable-stream
      - readdir-scoped-modules
      - request
      - retry
      - rimraf
      - semver
      - sha
      - slide
      - sorted-object
      - sorted-union-stream
      - ssri
      - strip-ansi
      - tar
      - text-table
      - uid-number
      - umask
      - unique-filename
      - unpipe
      - update-notifier
      - uuid
      - validate-npm-package-license
      - validate-npm-package-name
      - which
      - wrappy
      - write-file-atomic
      - safe-buffer
      - worker-farm

  /npmi/1.0.1:
    resolution: {integrity: sha1-FddpJzVHVF5oCdzwzhiu1IsCkOI=}
    dependencies:
      npm: 2.15.12
      semver: 4.3.6
    dev: true

  /optimist/0.6.1:
    resolution: {integrity: sha1-2j6nRob6IaGaERwybpDrFaAZZoY=}
    dependencies:
      minimist: 0.0.10
      wordwrap: 0.0.3
    dev: true

  /os-homedir/1.0.2:
    resolution: {integrity: sha1-/7xJiDNuDoM94MFox+8VISGqf7M=}
    engines: {node: '>=0.10.0'}
    dev: true

  /os-tmpdir/1.0.2:
    resolution: {integrity: sha1-u+Z0BseaqFxc/sdm/lc0VV36EnQ=}
    engines: {node: '>=0.10.0'}
    dev: true

  /p-limit/1.3.0:
    resolution: {integrity: sha512-vvcXsLAJ9Dr5rQOPk7toZQZJApBl2K4J6dANSsEuh6QI41JYcsS/qhTGa9ErIUUgK3WNQoJYvylxvjqmiqEA9Q==}
    engines: {node: '>=4'}
    dependencies:
      p-try: 1.0.0
    dev: false

  /p-locate/2.0.0:
    resolution: {integrity: sha1-IKAQOyIqcMj9OcwuWAaA893l7EM=}
    engines: {node: '>=4'}
    dependencies:
      p-limit: 1.3.0
    dev: false

  /p-try/1.0.0:
    resolution: {integrity: sha1-y8ec26+P1CKOE/Yh8rGiN8GyB7M=}
    engines: {node: '>=4'}
    dev: false

  /parse-json/4.0.0:
    resolution: {integrity: sha1-vjX1Qlvh9/bHRxhPmKeIy5lHfuA=}
    engines: {node: '>=4'}
    dependencies:
      error-ex: 1.3.2
      json-parse-better-errors: 1.0.2
    dev: false

  /path-exists/3.0.0:
    resolution: {integrity: sha1-zg6+ql94yxiSXqfYENe1mwEP1RU=}
    engines: {node: '>=4'}
    dev: false

  /path-parse/1.0.7:
    resolution: {integrity: sha512-LDJzPVEEEPR+y48z93A0Ed0yXb8pAByGWo/k5YYdYgpY2/2EsOsksJrq7lOHxryrVOn1ejG6oAp8ahvOIQD8sw==}
    dev: false

  /path-type/3.0.0:
    resolution: {integrity: sha512-T2ZUsdZFHgA3u4e5PfPbjd7HDDpxPnQb5jN0SrDsjNSuVXHJqtwTnWqG0B1jZrgmJ/7lj1EmVIByWt1gxGkWvg==}
    engines: {node: '>=4'}
    dependencies:
      pify: 3.0.0
    dev: false

  /pify/3.0.0:
    resolution: {integrity: sha1-5aSs0sEB/fPZpNB/DbxNtJ3SgXY=}
    engines: {node: '>=4'}
    dev: false

  /q/1.5.0:
    resolution: {integrity: sha1-3QG6ydBtMObyGa7LglPunr3DCPE=}
    engines: {node: '>=0.6.0', teleport: '>=0.2.0'}
    dev: true

  /quick-lru/1.1.0:
    resolution: {integrity: sha1-Q2CxfGETatOAeDl/8RQW4Ybc+7g=}
    engines: {node: '>=4'}
    dev: false

  /read-pkg-up/3.0.0:
    resolution: {integrity: sha1-PtSWaF26D4/hGNBpHcUfSh/5bwc=}
    engines: {node: '>=4'}
    dependencies:
      find-up: 2.1.0
      read-pkg: 3.0.0
    dev: false

  /read-pkg/3.0.0:
    resolution: {integrity: sha1-nLxoaXj+5l0WwA4rGcI3/Pbjg4k=}
    engines: {node: '>=4'}
    dependencies:
      load-json-file: 4.0.0
      normalize-package-data: 2.5.0
      path-type: 3.0.0
    dev: false

  /redent/2.0.0:
    resolution: {integrity: sha1-wbIAe0LVfrE4kHmzyDM2OdXhzKo=}
    engines: {node: '>=4'}
    dependencies:
      indent-string: 3.2.0
      strip-indent: 2.0.0
    dev: false

  /resolve/1.22.0:
    resolution: {integrity: sha512-Hhtrw0nLeSrFQ7phPp4OOcVjLPIeMnRlr5mcnVuMe7M/7eBn98A3hmFRLoFo3DLZkivSYwhRUJTyPyWAk56WLw==}
    hasBin: true
    dependencies:
      is-core-module: 2.8.1
      path-parse: 1.0.7
      supports-preserve-symlinks-flag: 1.0.0
    dev: false

  /semver/4.3.6:
    resolution: {integrity: sha1-MAvG4OhjdPe6YQaLWx7NV/xlMto=}
    hasBin: true
    dev: true

  /semver/5.3.0:
    resolution: {integrity: sha1-myzl094C0XxgEq0yaqa00M9U+U8=}
    hasBin: true
    dev: true

  /semver/5.7.1:
    resolution: {integrity: sha512-sauaDf/PZdVgrLTNYHRtpXa1iRiKcaebiKQ1BJdpQlWH2lCvexQdX55snPFyK7QzpudqbCI0qXFfOasHdyNDGQ==}
    hasBin: true
    dev: false

  /signal-exit/3.0.6:
    resolution: {integrity: sha512-sDl4qMFpijcGw22U5w63KmD3cZJfBuFlVNbVMKje2keoKML7X2UzWbc4XrmEbDwg0NXJc3yv4/ox7b+JWb57kQ==}
    dev: false

  /source-map/0.6.1:
    resolution: {integrity: sha512-UjgapumWlbMhkBgzT7Ykc5YXUT46F0iKu8SGXq0bcwP5dz/h0Plj6enJqjz1Zbq2l5WaqYnrVbwWOWMyF3F47g==}
    engines: {node: '>=0.10.0'}
    dev: false

  /spdx-correct/3.1.1:
    resolution: {integrity: sha512-cOYcUWwhCuHCXi49RhFRCyJEK3iPj1Ziz9DpViV3tbZOwXD49QzIN3MpOLJNxh2qwq2lJJZaKMVw9qNi4jTC0w==}
    dependencies:
      spdx-expression-parse: 3.0.1
      spdx-license-ids: 3.0.11
    dev: false

  /spdx-exceptions/2.3.0:
    resolution: {integrity: sha512-/tTrYOC7PPI1nUAgx34hUpqXuyJG+DTHJTnIULG4rDygi4xu/tfgmq1e1cIRwRzwZgo4NLySi+ricLkZkw4i5A==}
    dev: false

  /spdx-expression-parse/3.0.1:
    resolution: {integrity: sha512-cbqHunsQWnJNE6KhVSMsMeH5H/L9EpymbzqTQ3uLwNCLZ1Q481oWaofqH7nO6V07xlXwY6PhQdQ2IedWx/ZK4Q==}
    dependencies:
      spdx-exceptions: 2.3.0
      spdx-license-ids: 3.0.11
    dev: false

  /spdx-license-ids/3.0.11:
    resolution: {integrity: sha512-Ctl2BrFiM0X3MANYgj3CkygxhRmr9mi6xhejbdO960nF6EDJApTYpn0BQnDKlnNBULKiCN1n3w9EBkHK8ZWg+g==}
    dev: false

  /strip-bom/3.0.0:
    resolution: {integrity: sha1-IzTBjpx1n3vdVv3vfprj1YjmjtM=}
    engines: {node: '>=4'}
    dev: false

  /strip-indent/2.0.0:
    resolution: {integrity: sha1-XvjbKV0B5u1sv3qrlpmNeCJSe2g=}
    engines: {node: '>=4'}
    dev: false

  /supports-preserve-symlinks-flag/1.0.0:
    resolution: {integrity: sha512-ot0WnXS9fgdkgIcePe6RHNk1WA8+muPa6cSjeR3V8K27q9BB1rTE3R1p7Hv0z1ZyAc8s6Vvv8DIyWf681MAt0w==}
    engines: {node: '>= 0.4'}
    dev: false

  /tmp/0.0.31:
    resolution: {integrity: sha1-jzirlDjhcxXl29izZX6L+yd65Kc=}
    engines: {node: '>=0.4.0'}
    dependencies:
      os-tmpdir: 1.0.2
    dev: true

  /trim-newlines/2.0.0:
    resolution: {integrity: sha1-tAPQuRvlDDMd/EuC7s6yLD3hbSA=}
    engines: {node: '>=4'}
    dev: false

  /uglify-js/3.14.5:
    resolution: {integrity: sha512-qZukoSxOG0urUTvjc2ERMTcAy+BiFh3weWAkeurLwjrCba73poHmG3E36XEjd/JGukMzwTL7uCxZiAexj8ppvQ==}
    engines: {node: '>=0.8.0'}
    hasBin: true
    requiresBuild: true
    dev: false
    optional: true

  /universalify/0.1.2:
    resolution: {integrity: sha512-rBJeI5CXAlmy1pV+617WB9J63U6XcazHHF2f2dbJix4XzpUF0RS3Zbj0FGIOCAva5P/d/GBOYaACQ1w+0azUkg==}
    engines: {node: '>= 4.0.0'}
    dev: true

  /user-home/2.0.0:
    resolution: {integrity: sha1-nHC/2Babwdy/SGBODwS4tJzenp8=}
    engines: {node: '>=0.10.0'}
    dependencies:
      os-homedir: 1.0.2
    dev: true

  /validate-npm-package-license/3.0.4:
    resolution: {integrity: sha512-DpKm2Ui/xN7/HQKCtpZxoRWBhZ9Z0kqtygG8XCgNQ8ZlDnxuQmWhj566j8fN4Cu3/JmbhsDo7fcAJq4s9h27Ew==}
    dependencies:
      spdx-correct: 3.1.1
      spdx-expression-parse: 3.0.1
    dev: false

  /wordwrap/0.0.3:
    resolution: {integrity: sha1-o9XabNXAvAAI03I0u68b7WMFkQc=}
    engines: {node: '>=0.4.0'}
    dev: true

  /wordwrap/1.0.0:
    resolution: {integrity: sha1-J1hIEIkUVqQXHI0CJkQa3pDLyus=}
    dev: false

  github.com/MostlyAdequate/plugin-exercises/6eb1211ea13fb5731930ff7883d38efe7a743609:
    resolution: {tarball: https://codeload.github.com/MostlyAdequate/plugin-exercises/tar.gz/6eb1211ea13fb5731930ff7883d38efe7a743609}
    name: gitbook-plugin-exercises
    version: 3.0.1
    engines: {gitbook: '>=3.0.0-pre.0'}
    dependencies:
      lodash: 4.17.11
    dev: false
